
Microsoft Visual Studio Solution File, Format Version 12.00
# Visual Studio Version 16
VisualStudioVersion = 16.0.31515.178
MinimumVisualStudioVersion = 10.0.40219.1
Project("{FAE04EC0-301F-11D3-BF4B-00C04F79EFBC}") = "HRManagement", "HRManagement.csproj", "{CD0EB2C0-4CB5-4544-ABE8-863BE1B4CD68}"
EndProject
Global
	GlobalSection(SolutionConfigurationPlatforms) = preSolution
		Debug|Any CPU = Debug|Any CPU
		Release|Any CPU = Release|Any CPU
	EndGlobalSection
	GlobalSection(ProjectConfigurationPlatforms) = postSolution
		{CD0EB2C0-4CB5-4544-ABE8-863BE1B4CD68}.Debug|Any CPU.ActiveCfg = Debug|Any CPU
		{CD0EB2C0-4CB5-4544-ABE8-863BE1B4CD68}.Debug|Any CPU.Build.0 = Debug|Any CPU
		{CD0EB2C0-4CB5-4544-ABE8-863BE1B4CD68}.Release|Any CPU.ActiveCfg = Release|Any CPU
		{CD0EB2C0-4CB5-4544-ABE8-863BE1B4CD68}.Release|Any CPU.Build.0 = Release|Any CPU
	EndGlobalSection
	GlobalSection(SolutionProperties) = preSolution
		HideSolutionNode = FALSE
	EndGlobalSection
	GlobalSection(ExtensibilityGlobals) = postSolution
		SolutionGuid = {CE0E0D8E-AC75-4255-861F-0F1EBEAB6908}
	EndGlobalSection
EndGlobal
